// !$*UTF8*$!
{
	archiveVersion = 1;
	classes = {
	};
	objectVersion = 55;
	objects = {

/* Begin PBXBuildFile section */
		829FBEBF32D1377C5F077DD6 /* Pods_CurrencyTests.framework in Frameworks */ = {isa = PBXBuildFile; fileRef = 524ECA24BD7547796FA02DC3 /* Pods_CurrencyTests.framework */; };
		A96A9C30DBB280F86B07D31E /* Pods_Currency.framework in Frameworks */ = {isa = PBXBuildFile; fileRef = 5DC6DBAB22FD917F96F38597 /* Pods_Currency.framework */; };
		FA02EF66290B3EBA00F77F4B /* ApiService.swift in Sources */ = {isa = PBXBuildFile; fileRef = FA02EF65290B3EBA00F77F4B /* ApiService.swift */; };
		FA02EF69290B3F1200F77F4B /* EndPoints.swift in Sources */ = {isa = PBXBuildFile; fileRef = FA02EF68290B3F1200F77F4B /* EndPoints.swift */; };
		FA02EF6B290B419E00F77F4B /* Symbols.swift in Sources */ = {isa = PBXBuildFile; fileRef = FA02EF6A290B419E00F77F4B /* Symbols.swift */; };
		FA02EF6D290B484E00F77F4B /* HomeViewModel.swift in Sources */ = {isa = PBXBuildFile; fileRef = FA02EF6C290B484E00F77F4B /* HomeViewModel.swift */; };
		FA3A01392909DD8E0080F89D /* AppDelegate.swift in Sources */ = {isa = PBXBuildFile; fileRef = FA3A01382909DD8E0080F89D /* AppDelegate.swift */; };
		FA3A013B2909DD8E0080F89D /* SceneDelegate.swift in Sources */ = {isa = PBXBuildFile; fileRef = FA3A013A2909DD8E0080F89D /* SceneDelegate.swift */; };
		FA3A013D2909DD8E0080F89D /* ViewController.swift in Sources */ = {isa = PBXBuildFile; fileRef = FA3A013C2909DD8E0080F89D /* ViewController.swift */; };
		FA3A01402909DD8E0080F89D /* Main.storyboard in Resources */ = {isa = PBXBuildFile; fileRef = FA3A013E2909DD8E0080F89D /* Main.storyboard */; };
		FA3A01422909DD8F0080F89D /* Assets.xcassets in Resources */ = {isa = PBXBuildFile; fileRef = FA3A01412909DD8F0080F89D /* Assets.xcassets */; };
		FA3A01452909DD8F0080F89D /* LaunchScreen.storyboard in Resources */ = {isa = PBXBuildFile; fileRef = FA3A01432909DD8F0080F89D /* LaunchScreen.storyboard */; };
		FA3A01502909DD900080F89D /* CurrencyTests.swift in Sources */ = {isa = PBXBuildFile; fileRef = FA3A014F2909DD900080F89D /* CurrencyTests.swift */; };
		FA3A015A2909DD900080F89D /* CurrencyUITests.swift in Sources */ = {isa = PBXBuildFile; fileRef = FA3A01592909DD900080F89D /* CurrencyUITests.swift */; };
		FA3A015C2909DD900080F89D /* CurrencyUITestsLaunchTests.swift in Sources */ = {isa = PBXBuildFile; fileRef = FA3A015B2909DD900080F89D /* CurrencyUITestsLaunchTests.swift */; };
		FA9A86D8290C32E80072BF48 /* Converter.swift in Sources */ = {isa = PBXBuildFile; fileRef = FA9A86D7290C32E80072BF48 /* Converter.swift */; };
		FA9A86DA290C341F0072BF48 /* ApiProvider.swift in Sources */ = {isa = PBXBuildFile; fileRef = FA9A86D9290C341F0072BF48 /* ApiProvider.swift */; };
		FA9A86DE290C4DD50072BF48 /* jsonData.swift in Sources */ = {isa = PBXBuildFile; fileRef = FA9A86DD290C4DD50072BF48 /* jsonData.swift */; };
		FAA22849290D903400D188B1 /* conversionsDataModel.xcdatamodeld in Sources */ = {isa = PBXBuildFile; fileRef = FAA22847290D903400D188B1 /* conversionsDataModel.xcdatamodeld */; };
		FAA2284C290D93F700D188B1 /* HistoryViewController.swift in Sources */ = {isa = PBXBuildFile; fileRef = FAA2284A290D93F700D188B1 /* HistoryViewController.swift */; };
		FAA2284D290D93F700D188B1 /* HistoryViewController.xib in Resources */ = {isa = PBXBuildFile; fileRef = FAA2284B290D93F700D188B1 /* HistoryViewController.xib */; };
		FAA22859290DA3AB00D188B1 /* ConverterModel+CoreDataClass.swift in Sources */ = {isa = PBXBuildFile; fileRef = FAA22857290DA3AB00D188B1 /* ConverterModel+CoreDataClass.swift */; };
		FAA2285A290DA3AB00D188B1 /* ConverterModel+CoreDataProperties.swift in Sources */ = {isa = PBXBuildFile; fileRef = FAA22858290DA3AB00D188B1 /* ConverterModel+CoreDataProperties.swift */; };
		FAA2285D290DA5A600D188B1 /* PersistentStorage.swift in Sources */ = {isa = PBXBuildFile; fileRef = FAA2285C290DA5A600D188B1 /* PersistentStorage.swift */; };
		FAA22861290DBCA300D188B1 /* HistoryTableViewCell.swift in Sources */ = {isa = PBXBuildFile; fileRef = FAA2285F290DBCA300D188B1 /* HistoryTableViewCell.swift */; };
		FAA22862290DBCA300D188B1 /* HistoryTableViewCell.xib in Resources */ = {isa = PBXBuildFile; fileRef = FAA22860290DBCA300D188B1 /* HistoryTableViewCell.xib */; };
		FAA22864290DD30F00D188B1 /* TableView+extensions.swift in Sources */ = {isa = PBXBuildFile; fileRef = FAA22863290DD30F00D188B1 /* TableView+extensions.swift */; };
		FAA22866290DD3C800D188B1 /* HistoryViewModel.swift in Sources */ = {isa = PBXBuildFile; fileRef = FAA22865290DD3C800D188B1 /* HistoryViewModel.swift */; };
		FF80F55E3CB0DEDE85DEAA6D /* Pods_Currency_CurrencyUITests.framework in Frameworks */ = {isa = PBXBuildFile; fileRef = 3EB983CE2EE413F859936D05 /* Pods_Currency_CurrencyUITests.framework */; };
/* End PBXBuildFile section */

/* Begin PBXContainerItemProxy section */
		FA3A014C2909DD900080F89D /* PBXContainerItemProxy */ = {
			isa = PBXContainerItemProxy;
			containerPortal = FA3A012D2909DD8E0080F89D /* Project object */;
			proxyType = 1;
			remoteGlobalIDString = FA3A01342909DD8E0080F89D;
			remoteInfo = Currency;
		};
		FA3A01562909DD900080F89D /* PBXContainerItemProxy */ = {
			isa = PBXContainerItemProxy;
			containerPortal = FA3A012D2909DD8E0080F89D /* Project object */;
			proxyType = 1;
			remoteGlobalIDString = FA3A01342909DD8E0080F89D;
			remoteInfo = Currency;
		};
/* End PBXContainerItemProxy section */

/* Begin PBXFileReference section */
		2C50ABEE5375EB175CAA7D25 /* Pods-Currency.debug.xcconfig */ = {isa = PBXFileReference; includeInIndex = 1; lastKnownFileType = text.xcconfig; name = "Pods-Currency.debug.xcconfig"; path = "Target Support Files/Pods-Currency/Pods-Currency.debug.xcconfig"; sourceTree = "<group>"; };
		38907D4013FA2FA3E4BCC0B6 /* Pods-CurrencyTests.debug.xcconfig */ = {isa = PBXFileReference; includeInIndex = 1; lastKnownFileType = text.xcconfig; name = "Pods-CurrencyTests.debug.xcconfig"; path = "Target Support Files/Pods-CurrencyTests/Pods-CurrencyTests.debug.xcconfig"; sourceTree = "<group>"; };
		3EB983CE2EE413F859936D05 /* Pods_Currency_CurrencyUITests.framework */ = {isa = PBXFileReference; explicitFileType = wrapper.framework; includeInIndex = 0; path = Pods_Currency_CurrencyUITests.framework; sourceTree = BUILT_PRODUCTS_DIR; };
		524ECA24BD7547796FA02DC3 /* Pods_CurrencyTests.framework */ = {isa = PBXFileReference; explicitFileType = wrapper.framework; includeInIndex = 0; path = Pods_CurrencyTests.framework; sourceTree = BUILT_PRODUCTS_DIR; };
		55AD8CA44A4FA5B8FC69B128 /* Pods-Currency-CurrencyUITests.debug.xcconfig */ = {isa = PBXFileReference; includeInIndex = 1; lastKnownFileType = text.xcconfig; name = "Pods-Currency-CurrencyUITests.debug.xcconfig"; path = "Target Support Files/Pods-Currency-CurrencyUITests/Pods-Currency-CurrencyUITests.debug.xcconfig"; sourceTree = "<group>"; };
		5DC6DBAB22FD917F96F38597 /* Pods_Currency.framework */ = {isa = PBXFileReference; explicitFileType = wrapper.framework; includeInIndex = 0; path = Pods_Currency.framework; sourceTree = BUILT_PRODUCTS_DIR; };
		7AC991CE361B6853252BF328 /* Pods-Currency-CurrencyUITests.release.xcconfig */ = {isa = PBXFileReference; includeInIndex = 1; lastKnownFileType = text.xcconfig; name = "Pods-Currency-CurrencyUITests.release.xcconfig"; path = "Target Support Files/Pods-Currency-CurrencyUITests/Pods-Currency-CurrencyUITests.release.xcconfig"; sourceTree = "<group>"; };
		87BAB0F60EE54C0B6951AC2C /* Pods-Currency.release.xcconfig */ = {isa = PBXFileReference; includeInIndex = 1; lastKnownFileType = text.xcconfig; name = "Pods-Currency.release.xcconfig"; path = "Target Support Files/Pods-Currency/Pods-Currency.release.xcconfig"; sourceTree = "<group>"; };
		96D1643403CA82C04AE4E48E /* Pods-CurrencyTests.release.xcconfig */ = {isa = PBXFileReference; includeInIndex = 1; lastKnownFileType = text.xcconfig; name = "Pods-CurrencyTests.release.xcconfig"; path = "Target Support Files/Pods-CurrencyTests/Pods-CurrencyTests.release.xcconfig"; sourceTree = "<group>"; };
		FA02EF65290B3EBA00F77F4B /* ApiService.swift */ = {isa = PBXFileReference; lastKnownFileType = sourcecode.swift; path = ApiService.swift; sourceTree = "<group>"; };
		FA02EF68290B3F1200F77F4B /* EndPoints.swift */ = {isa = PBXFileReference; lastKnownFileType = sourcecode.swift; path = EndPoints.swift; sourceTree = "<group>"; };
		FA02EF6A290B419E00F77F4B /* Symbols.swift */ = {isa = PBXFileReference; lastKnownFileType = sourcecode.swift; path = Symbols.swift; sourceTree = "<group>"; };
		FA02EF6C290B484E00F77F4B /* HomeViewModel.swift */ = {isa = PBXFileReference; lastKnownFileType = sourcecode.swift; path = HomeViewModel.swift; sourceTree = "<group>"; };
		FA3A01352909DD8E0080F89D /* Currency.app */ = {isa = PBXFileReference; explicitFileType = wrapper.application; includeInIndex = 0; path = Currency.app; sourceTree = BUILT_PRODUCTS_DIR; };
		FA3A01382909DD8E0080F89D /* AppDelegate.swift */ = {isa = PBXFileReference; lastKnownFileType = sourcecode.swift; path = AppDelegate.swift; sourceTree = "<group>"; };
		FA3A013A2909DD8E0080F89D /* SceneDelegate.swift */ = {isa = PBXFileReference; lastKnownFileType = sourcecode.swift; path = SceneDelegate.swift; sourceTree = "<group>"; };
		FA3A013C2909DD8E0080F89D /* ViewController.swift */ = {isa = PBXFileReference; lastKnownFileType = sourcecode.swift; path = ViewController.swift; sourceTree = "<group>"; };
		FA3A013F2909DD8E0080F89D /* Base */ = {isa = PBXFileReference; lastKnownFileType = file.storyboard; name = Base; path = Base.lproj/Main.storyboard; sourceTree = "<group>"; };
		FA3A01412909DD8F0080F89D /* Assets.xcassets */ = {isa = PBXFileReference; lastKnownFileType = folder.assetcatalog; path = Assets.xcassets; sourceTree = "<group>"; };
		FA3A01442909DD8F0080F89D /* Base */ = {isa = PBXFileReference; lastKnownFileType = file.storyboard; name = Base; path = Base.lproj/LaunchScreen.storyboard; sourceTree = "<group>"; };
		FA3A01462909DD8F0080F89D /* Info.plist */ = {isa = PBXFileReference; lastKnownFileType = text.plist.xml; path = Info.plist; sourceTree = "<group>"; };
		FA3A014B2909DD900080F89D /* CurrencyTests.xctest */ = {isa = PBXFileReference; explicitFileType = wrapper.cfbundle; includeInIndex = 0; path = CurrencyTests.xctest; sourceTree = BUILT_PRODUCTS_DIR; };
		FA3A014F2909DD900080F89D /* CurrencyTests.swift */ = {isa = PBXFileReference; lastKnownFileType = sourcecode.swift; path = CurrencyTests.swift; sourceTree = "<group>"; };
		FA3A01552909DD900080F89D /* CurrencyUITests.xctest */ = {isa = PBXFileReference; explicitFileType = wrapper.cfbundle; includeInIndex = 0; path = CurrencyUITests.xctest; sourceTree = BUILT_PRODUCTS_DIR; };
		FA3A01592909DD900080F89D /* CurrencyUITests.swift */ = {isa = PBXFileReference; lastKnownFileType = sourcecode.swift; path = CurrencyUITests.swift; sourceTree = "<group>"; };
		FA3A015B2909DD900080F89D /* CurrencyUITestsLaunchTests.swift */ = {isa = PBXFileReference; lastKnownFileType = sourcecode.swift; path = CurrencyUITestsLaunchTests.swift; sourceTree = "<group>"; };
		FA9A86D7290C32E80072BF48 /* Converter.swift */ = {isa = PBXFileReference; lastKnownFileType = sourcecode.swift; path = Converter.swift; sourceTree = "<group>"; };
		FA9A86D9290C341F0072BF48 /* ApiProvider.swift */ = {isa = PBXFileReference; lastKnownFileType = sourcecode.swift; path = ApiProvider.swift; sourceTree = "<group>"; };
		FA9A86DD290C4DD50072BF48 /* jsonData.swift */ = {isa = PBXFileReference; lastKnownFileType = sourcecode.swift; path = jsonData.swift; sourceTree = "<group>"; };
		FAA22848290D903400D188B1 /* conversionsDataModel.xcdatamodel */ = {isa = PBXFileReference; lastKnownFileType = wrapper.xcdatamodel; path = conversionsDataModel.xcdatamodel; sourceTree = "<group>"; };
		FAA2284A290D93F700D188B1 /* HistoryViewController.swift */ = {isa = PBXFileReference; lastKnownFileType = sourcecode.swift; path = HistoryViewController.swift; sourceTree = "<group>"; };
		FAA2284B290D93F700D188B1 /* HistoryViewController.xib */ = {isa = PBXFileReference; lastKnownFileType = file.xib; path = HistoryViewController.xib; sourceTree = "<group>"; };
		FAA22857290DA3AB00D188B1 /* ConverterModel+CoreDataClass.swift */ = {isa = PBXFileReference; lastKnownFileType = sourcecode.swift; name = "ConverterModel+CoreDataClass.swift"; path = "Currency/CoreDataModel/ConverterModel+CoreDataClass.swift"; sourceTree = SOURCE_ROOT; };
		FAA22858290DA3AB00D188B1 /* ConverterModel+CoreDataProperties.swift */ = {isa = PBXFileReference; lastKnownFileType = sourcecode.swift; name = "ConverterModel+CoreDataProperties.swift"; path = "Currency/CoreDataModel/ConverterModel+CoreDataProperties.swift"; sourceTree = SOURCE_ROOT; };
		FAA2285C290DA5A600D188B1 /* PersistentStorage.swift */ = {isa = PBXFileReference; lastKnownFileType = sourcecode.swift; path = PersistentStorage.swift; sourceTree = "<group>"; };
		FAA2285F290DBCA300D188B1 /* HistoryTableViewCell.swift */ = {isa = PBXFileReference; lastKnownFileType = sourcecode.swift; path = HistoryTableViewCell.swift; sourceTree = "<group>"; };
		FAA22860290DBCA300D188B1 /* HistoryTableViewCell.xib */ = {isa = PBXFileReference; lastKnownFileType = file.xib; path = HistoryTableViewCell.xib; sourceTree = "<group>"; };
		FAA22863290DD30F00D188B1 /* TableView+extensions.swift */ = {isa = PBXFileReference; lastKnownFileType = sourcecode.swift; path = "TableView+extensions.swift"; sourceTree = "<group>"; };
		FAA22865290DD3C800D188B1 /* HistoryViewModel.swift */ = {isa = PBXFileReference; lastKnownFileType = sourcecode.swift; path = HistoryViewModel.swift; sourceTree = "<group>"; };
/* End PBXFileReference section */

/* Begin PBXFrameworksBuildPhase section */
		FA3A01322909DD8E0080F89D /* Frameworks */ = {
			isa = PBXFrameworksBuildPhase;
			buildActionMask = 2147483647;
			files = (
				A96A9C30DBB280F86B07D31E /* Pods_Currency.framework in Frameworks */,
			);
			runOnlyForDeploymentPostprocessing = 0;
		};
		FA3A01482909DD900080F89D /* Frameworks */ = {
			isa = PBXFrameworksBuildPhase;
			buildActionMask = 2147483647;
			files = (
				829FBEBF32D1377C5F077DD6 /* Pods_CurrencyTests.framework in Frameworks */,
			);
			runOnlyForDeploymentPostprocessing = 0;
		};
		FA3A01522909DD900080F89D /* Frameworks */ = {
			isa = PBXFrameworksBuildPhase;
			buildActionMask = 2147483647;
			files = (
				FF80F55E3CB0DEDE85DEAA6D /* Pods_Currency_CurrencyUITests.framework in Frameworks */,
			);
			runOnlyForDeploymentPostprocessing = 0;
		};
/* End PBXFrameworksBuildPhase section */

/* Begin PBXGroup section */
		12B1ADE66BD1C347BF82B464 /* Frameworks */ = {
			isa = PBXGroup;
			children = (
				5DC6DBAB22FD917F96F38597 /* Pods_Currency.framework */,
				3EB983CE2EE413F859936D05 /* Pods_Currency_CurrencyUITests.framework */,
				524ECA24BD7547796FA02DC3 /* Pods_CurrencyTests.framework */,
			);
			name = Frameworks;
			sourceTree = "<group>";
		};
		AC74A9F948E744CFA4236CE5 /* Pods */ = {
			isa = PBXGroup;
			children = (
				2C50ABEE5375EB175CAA7D25 /* Pods-Currency.debug.xcconfig */,
				87BAB0F60EE54C0B6951AC2C /* Pods-Currency.release.xcconfig */,
				55AD8CA44A4FA5B8FC69B128 /* Pods-Currency-CurrencyUITests.debug.xcconfig */,
				7AC991CE361B6853252BF328 /* Pods-Currency-CurrencyUITests.release.xcconfig */,
				38907D4013FA2FA3E4BCC0B6 /* Pods-CurrencyTests.debug.xcconfig */,
				96D1643403CA82C04AE4E48E /* Pods-CurrencyTests.release.xcconfig */,
			);
			path = Pods;
			sourceTree = "<group>";
		};
		FA02EF61290B3E3100F77F4B /* Model */ = {
			isa = PBXGroup;
			children = (
				FA02EF6A290B419E00F77F4B /* Symbols.swift */,
				FA9A86D7290C32E80072BF48 /* Converter.swift */,
			);
			path = Model;
			sourceTree = "<group>";
		};
		FA02EF62290B3E4000F77F4B /* View */ = {
			isa = PBXGroup;
			children = (
				FAA2285E290DBC8800D188B1 /* Cells */,
				FA3A013C2909DD8E0080F89D /* ViewController.swift */,
				FAA22847290D903400D188B1 /* conversionsDataModel.xcdatamodeld */,
				FA3A013E2909DD8E0080F89D /* Main.storyboard */,
				FAA2284A290D93F700D188B1 /* HistoryViewController.swift */,
				FAA2284B290D93F700D188B1 /* HistoryViewController.xib */,
			);
			path = View;
			sourceTree = "<group>";
		};
		FA02EF63290B3E4500F77F4B /* ViewModel */ = {
			isa = PBXGroup;
			children = (
				FA02EF6C290B484E00F77F4B /* HomeViewModel.swift */,
				FAA22865290DD3C800D188B1 /* HistoryViewModel.swift */,
			);
			path = ViewModel;
			sourceTree = "<group>";
		};
		FA02EF64290B3E7200F77F4B /* APIService */ = {
			isa = PBXGroup;
			children = (
				FA02EF65290B3EBA00F77F4B /* ApiService.swift */,
				FA9A86D9290C341F0072BF48 /* ApiProvider.swift */,
			);
			path = APIService;
			sourceTree = "<group>";
		};
		FA02EF67290B3EFF00F77F4B /* Helper */ = {
			isa = PBXGroup;
			children = (
				FA02EF68290B3F1200F77F4B /* EndPoints.swift */,
				FA9A86DD290C4DD50072BF48 /* jsonData.swift */,
				FAA22863290DD30F00D188B1 /* TableView+extensions.swift */,
			);
			path = Helper;
			sourceTree = "<group>";
		};
		FA3A012C2909DD8E0080F89D = {
			isa = PBXGroup;
			children = (
				FA3A01372909DD8E0080F89D /* Currency */,
				FA3A014E2909DD900080F89D /* CurrencyTests */,
				FA3A01582909DD900080F89D /* CurrencyUITests */,
				FA3A01362909DD8E0080F89D /* Products */,
				AC74A9F948E744CFA4236CE5 /* Pods */,
				12B1ADE66BD1C347BF82B464 /* Frameworks */,
			);
			sourceTree = "<group>";
		};
		FA3A01362909DD8E0080F89D /* Products */ = {
			isa = PBXGroup;
			children = (
				FA3A01352909DD8E0080F89D /* Currency.app */,
				FA3A014B2909DD900080F89D /* CurrencyTests.xctest */,
				FA3A01552909DD900080F89D /* CurrencyUITests.xctest */,
			);
			name = Products;
			sourceTree = "<group>";
		};
		FA3A01372909DD8E0080F89D /* Currency */ = {
			isa = PBXGroup;
			children = (
				FAA2285B290DA3B000D188B1 /* CoreDataModel */,
				FA02EF67290B3EFF00F77F4B /* Helper */,
				FA02EF64290B3E7200F77F4B /* APIService */,
				FA02EF63290B3E4500F77F4B /* ViewModel */,
				FA02EF62290B3E4000F77F4B /* View */,
				FA02EF61290B3E3100F77F4B /* Model */,
				FA3A01382909DD8E0080F89D /* AppDelegate.swift */,
				FA3A013A2909DD8E0080F89D /* SceneDelegate.swift */,
				FA3A01412909DD8F0080F89D /* Assets.xcassets */,
				FA3A01432909DD8F0080F89D /* LaunchScreen.storyboard */,
				FA3A01462909DD8F0080F89D /* Info.plist */,
			);
			path = Currency;
			sourceTree = "<group>";
		};
		FA3A014E2909DD900080F89D /* CurrencyTests */ = {
			isa = PBXGroup;
			children = (
				FA3A014F2909DD900080F89D /* CurrencyTests.swift */,
			);
			path = CurrencyTests;
			sourceTree = "<group>";
		};
		FA3A01582909DD900080F89D /* CurrencyUITests */ = {
			isa = PBXGroup;
			children = (
				FA3A01592909DD900080F89D /* CurrencyUITests.swift */,
				FA3A015B2909DD900080F89D /* CurrencyUITestsLaunchTests.swift */,
			);
			path = CurrencyUITests;
			sourceTree = "<group>";
		};
		FAA2285B290DA3B000D188B1 /* CoreDataModel */ = {
			isa = PBXGroup;
			children = (
				FAA22857290DA3AB00D188B1 /* ConverterModel+CoreDataClass.swift */,
				FAA22858290DA3AB00D188B1 /* ConverterModel+CoreDataProperties.swift */,
				FAA2285C290DA5A600D188B1 /* PersistentStorage.swift */,
			);
			path = CoreDataModel;
			sourceTree = "<group>";
		};
		FAA2285E290DBC8800D188B1 /* Cells */ = {
			isa = PBXGroup;
			children = (
				FAA2285F290DBCA300D188B1 /* HistoryTableViewCell.swift */,
				FAA22860290DBCA300D188B1 /* HistoryTableViewCell.xib */,
			);
			path = Cells;
			sourceTree = "<group>";
		};
/* End PBXGroup section */

/* Begin PBXNativeTarget section */
		FA3A01342909DD8E0080F89D /* Currency */ = {
			isa = PBXNativeTarget;
			buildConfigurationList = FA3A015F2909DD900080F89D /* Build configuration list for PBXNativeTarget "Currency" */;
			buildPhases = (
				8F9486AF29CDA6A9FC14B576 /* [CP] Check Pods Manifest.lock */,
				FA3A01312909DD8E0080F89D /* Sources */,
				FA3A01322909DD8E0080F89D /* Frameworks */,
				FA3A01332909DD8E0080F89D /* Resources */,
				757227DC4F9A06F851A51CA0 /* [CP] Embed Pods Frameworks */,
			);
			buildRules = (
			);
			dependencies = (
			);
			name = Currency;
			productName = Currency;
			productReference = FA3A01352909DD8E0080F89D /* Currency.app */;
			productType = "com.apple.product-type.application";
		};
		FA3A014A2909DD900080F89D /* CurrencyTests */ = {
			isa = PBXNativeTarget;
			buildConfigurationList = FA3A01622909DD900080F89D /* Build configuration list for PBXNativeTarget "CurrencyTests" */;
			buildPhases = (
				A1EBC2E5B4A344E6280C2F69 /* [CP] Check Pods Manifest.lock */,
				FA3A01472909DD900080F89D /* Sources */,
				FA3A01482909DD900080F89D /* Frameworks */,
				FA3A01492909DD900080F89D /* Resources */,
			);
			buildRules = (
			);
			dependencies = (
				FA3A014D2909DD900080F89D /* PBXTargetDependency */,
			);
			name = CurrencyTests;
			productName = CurrencyTests;
			productReference = FA3A014B2909DD900080F89D /* CurrencyTests.xctest */;
			productType = "com.apple.product-type.bundle.unit-test";
		};
		FA3A01542909DD900080F89D /* CurrencyUITests */ = {
			isa = PBXNativeTarget;
			buildConfigurationList = FA3A01652909DD900080F89D /* Build configuration list for PBXNativeTarget "CurrencyUITests" */;
			buildPhases = (
				43231B46FD508A3AFC6C8622 /* [CP] Check Pods Manifest.lock */,
				FA3A01512909DD900080F89D /* Sources */,
				FA3A01522909DD900080F89D /* Frameworks */,
				FA3A01532909DD900080F89D /* Resources */,
				B26E741A7A333FD624FD8F1A /* [CP] Embed Pods Frameworks */,
			);
			buildRules = (
			);
			dependencies = (
				FA3A01572909DD900080F89D /* PBXTargetDependency */,
			);
			name = CurrencyUITests;
			productName = CurrencyUITests;
			productReference = FA3A01552909DD900080F89D /* CurrencyUITests.xctest */;
			productType = "com.apple.product-type.bundle.ui-testing";
		};
/* End PBXNativeTarget section */

/* Begin PBXProject section */
		FA3A012D2909DD8E0080F89D /* Project object */ = {
			isa = PBXProject;
			attributes = {
				BuildIndependentTargetsInParallel = 1;
				LastSwiftUpdateCheck = 1320;
				LastUpgradeCheck = 1320;
				TargetAttributes = {
					FA3A01342909DD8E0080F89D = {
						CreatedOnToolsVersion = 13.2.1;
					};
					FA3A014A2909DD900080F89D = {
						CreatedOnToolsVersion = 13.2.1;
						TestTargetID = FA3A01342909DD8E0080F89D;
					};
					FA3A01542909DD900080F89D = {
						CreatedOnToolsVersion = 13.2.1;
						TestTargetID = FA3A01342909DD8E0080F89D;
					};
				};
			};
			buildConfigurationList = FA3A01302909DD8E0080F89D /* Build configuration list for PBXProject "Currency" */;
			compatibilityVersion = "Xcode 13.0";
			developmentRegion = en;
			hasScannedForEncodings = 0;
			knownRegions = (
				en,
				Base,
			);
			mainGroup = FA3A012C2909DD8E0080F89D;
			productRefGroup = FA3A01362909DD8E0080F89D /* Products */;
			projectDirPath = "";
			projectRoot = "";
			targets = (
				FA3A01342909DD8E0080F89D /* Currency */,
				FA3A014A2909DD900080F89D /* CurrencyTests */,
				FA3A01542909DD900080F89D /* CurrencyUITests */,
			);
		};
/* End PBXProject section */

/* Begin PBXResourcesBuildPhase section */
		FA3A01332909DD8E0080F89D /* Resources */ = {
			isa = PBXResourcesBuildPhase;
			buildActionMask = 2147483647;
			files = (
				FA3A01452909DD8F0080F89D /* LaunchScreen.storyboard in Resources */,
				FAA22862290DBCA300D188B1 /* HistoryTableViewCell.xib in Resources */,
				FA3A01422909DD8F0080F89D /* Assets.xcassets in Resources */,
				FA3A01402909DD8E0080F89D /* Main.storyboard in Resources */,
				FAA2284D290D93F700D188B1 /* HistoryViewController.xib in Resources */,
			);
			runOnlyForDeploymentPostprocessing = 0;
		};
		FA3A01492909DD900080F89D /* Resources */ = {
			isa = PBXResourcesBuildPhase;
			buildActionMask = 2147483647;
			files = (
			);
			runOnlyForDeploymentPostprocessing = 0;
		};
		FA3A01532909DD900080F89D /* Resources */ = {
			isa = PBXResourcesBuildPhase;
			buildActionMask = 2147483647;
			files = (
			);
			runOnlyForDeploymentPostprocessing = 0;
		};
/* End PBXResourcesBuildPhase section */

/* Begin PBXShellScriptBuildPhase section */
		43231B46FD508A3AFC6C8622 /* [CP] Check Pods Manifest.lock */ = {
			isa = PBXShellScriptBuildPhase;
			buildActionMask = 2147483647;
			files = (
			);
			inputFileListPaths = (
			);
			inputPaths = (
				"${PODS_PODFILE_DIR_PATH}/Podfile.lock",
				"${PODS_ROOT}/Manifest.lock",
			);
			name = "[CP] Check Pods Manifest.lock";
			outputFileListPaths = (
			);
			outputPaths = (
				"$(DERIVED_FILE_DIR)/Pods-Currency-CurrencyUITests-checkManifestLockResult.txt",
			);
			runOnlyForDeploymentPostprocessing = 0;
			shellPath = /bin/sh;
			shellScript = "diff \"${PODS_PODFILE_DIR_PATH}/Podfile.lock\" \"${PODS_ROOT}/Manifest.lock\" > /dev/null\nif [ $? != 0 ] ; then\n    # print error to STDERR\n    echo \"error: The sandbox is not in sync with the Podfile.lock. Run 'pod install' or update your CocoaPods installation.\" >&2\n    exit 1\nfi\n# This output is used by Xcode 'outputs' to avoid re-running this script phase.\necho \"SUCCESS\" > \"${SCRIPT_OUTPUT_FILE_0}\"\n";
			showEnvVarsInLog = 0;
		};
		757227DC4F9A06F851A51CA0 /* [CP] Embed Pods Frameworks */ = {
			isa = PBXShellScriptBuildPhase;
			buildActionMask = 2147483647;
			files = (
			);
			inputFileListPaths = (
				"${PODS_ROOT}/Target Support Files/Pods-Currency/Pods-Currency-frameworks-${CONFIGURATION}-input-files.xcfilelist",
			);
			name = "[CP] Embed Pods Frameworks";
			outputFileListPaths = (
				"${PODS_ROOT}/Target Support Files/Pods-Currency/Pods-Currency-frameworks-${CONFIGURATION}-output-files.xcfilelist",
			);
			runOnlyForDeploymentPostprocessing = 0;
			shellPath = /bin/sh;
			shellScript = "\"${PODS_ROOT}/Target Support Files/Pods-Currency/Pods-Currency-frameworks.sh\"\n";
			showEnvVarsInLog = 0;
		};
		8F9486AF29CDA6A9FC14B576 /* [CP] Check Pods Manifest.lock */ = {
			isa = PBXShellScriptBuildPhase;
			buildActionMask = 2147483647;
			files = (
			);
			inputFileListPaths = (
			);
			inputPaths = (
				"${PODS_PODFILE_DIR_PATH}/Podfile.lock",
				"${PODS_ROOT}/Manifest.lock",
			);
			name = "[CP] Check Pods Manifest.lock";
			outputFileListPaths = (
			);
			outputPaths = (
				"$(DERIVED_FILE_DIR)/Pods-Currency-checkManifestLockResult.txt",
			);
			runOnlyForDeploymentPostprocessing = 0;
			shellPath = /bin/sh;
			shellScript = "diff \"${PODS_PODFILE_DIR_PATH}/Podfile.lock\" \"${PODS_ROOT}/Manifest.lock\" > /dev/null\nif [ $? != 0 ] ; then\n    # print error to STDERR\n    echo \"error: The sandbox is not in sync with the Podfile.lock. Run 'pod install' or update your CocoaPods installation.\" >&2\n    exit 1\nfi\n# This output is used by Xcode 'outputs' to avoid re-running this script phase.\necho \"SUCCESS\" > \"${SCRIPT_OUTPUT_FILE_0}\"\n";
			showEnvVarsInLog = 0;
		};
		A1EBC2E5B4A344E6280C2F69 /* [CP] Check Pods Manifest.lock */ = {
			isa = PBXShellScriptBuildPhase;
			buildActionMask = 2147483647;
			files = (
			);
			inputFileListPaths = (
			);
			inputPaths = (
				"${PODS_PODFILE_DIR_PATH}/Podfile.lock",
				"${PODS_ROOT}/Manifest.lock",
			);
			name = "[CP] Check Pods Manifest.lock";
			outputFileListPaths = (
			);
			outputPaths = (
				"$(DERIVED_FILE_DIR)/Pods-CurrencyTests-checkManifestLockResult.txt",
			);
			runOnlyForDeploymentPostprocessing = 0;
			shellPath = /bin/sh;
			shellScript = "diff \"${PODS_PODFILE_DIR_PATH}/Podfile.lock\" \"${PODS_ROOT}/Manifest.lock\" > /dev/null\nif [ $? != 0 ] ; then\n    # print error to STDERR\n    echo \"error: The sandbox is not in sync with the Podfile.lock. Run 'pod install' or update your CocoaPods installation.\" >&2\n    exit 1\nfi\n# This output is used by Xcode 'outputs' to avoid re-running this script phase.\necho \"SUCCESS\" > \"${SCRIPT_OUTPUT_FILE_0}\"\n";
			showEnvVarsInLog = 0;
		};
		B26E741A7A333FD624FD8F1A /* [CP] Embed Pods Frameworks */ = {
			isa = PBXShellScriptBuildPhase;
			buildActionMask = 2147483647;
			files = (
			);
			inputFileListPaths = (
				"${PODS_ROOT}/Target Support Files/Pods-Currency-CurrencyUITests/Pods-Currency-CurrencyUITests-frameworks-${CONFIGURATION}-input-files.xcfilelist",
			);
			name = "[CP] Embed Pods Frameworks";
			outputFileListPaths = (
				"${PODS_ROOT}/Target Support Files/Pods-Currency-CurrencyUITests/Pods-Currency-CurrencyUITests-frameworks-${CONFIGURATION}-output-files.xcfilelist",
			);
			runOnlyForDeploymentPostprocessing = 0;
			shellPath = /bin/sh;
			shellScript = "\"${PODS_ROOT}/Target Support Files/Pods-Currency-CurrencyUITests/Pods-Currency-CurrencyUITests-frameworks.sh\"\n";
			showEnvVarsInLog = 0;
		};
/* End PBXShellScriptBuildPhase section */

/* Begin PBXSourcesBuildPhase section */
		FA3A01312909DD8E0080F89D /* Sources */ = {
			isa = PBXSourcesBuildPhase;
			buildActionMask = 2147483647;
			files = (
				FAA22849290D903400D188B1 /* conversionsDataModel.xcdatamodeld in Sources */,
				FAA22866290DD3C800D188B1 /* HistoryViewModel.swift in Sources */,
				FA3A013D2909DD8E0080F89D /* ViewController.swift in Sources */,
				FA02EF69290B3F1200F77F4B /* EndPoints.swift in Sources */,
				FAA2285D290DA5A600D188B1 /* PersistentStorage.swift in Sources */,
				FAA2284C290D93F700D188B1 /* HistoryViewController.swift in Sources */,
				FAA2285A290DA3AB00D188B1 /* ConverterModel+CoreDataProperties.swift in Sources */,
				FA9A86D8290C32E80072BF48 /* Converter.swift in Sources */,
				FAA22859290DA3AB00D188B1 /* ConverterModel+CoreDataClass.swift in Sources */,
				FA3A01392909DD8E0080F89D /* AppDelegate.swift in Sources */,
				FAA22864290DD30F00D188B1 /* TableView+extensions.swift in Sources */,
				FA02EF6B290B419E00F77F4B /* Symbols.swift in Sources */,
				FAA22861290DBCA300D188B1 /* HistoryTableViewCell.swift in Sources */,
				FA02EF66290B3EBA00F77F4B /* ApiService.swift in Sources */,
				FA9A86DA290C341F0072BF48 /* ApiProvider.swift in Sources */,
				FA3A013B2909DD8E0080F89D /* SceneDelegate.swift in Sources */,
				FA02EF6D290B484E00F77F4B /* HomeViewModel.swift in Sources */,
				FA9A86DE290C4DD50072BF48 /* jsonData.swift in Sources */,
			);
			runOnlyForDeploymentPostprocessing = 0;
		};
		FA3A01472909DD900080F89D /* Sources */ = {
			isa = PBXSourcesBuildPhase;
			buildActionMask = 2147483647;
			files = (
				FA3A01502909DD900080F89D /* CurrencyTests.swift in Sources */,
			);
			runOnlyForDeploymentPostprocessing = 0;
		};
		FA3A01512909DD900080F89D /* Sources */ = {
			isa = PBXSourcesBuildPhase;
			buildActionMask = 2147483647;
			files = (
				FA3A015C2909DD900080F89D /* CurrencyUITestsLaunchTests.swift in Sources */,
				FA3A015A2909DD900080F89D /* CurrencyUITests.swift in Sources */,
			);
			runOnlyForDeploymentPostprocessing = 0;
		};
/* End PBXSourcesBuildPhase section */

/* Begin PBXTargetDependency section */
		FA3A014D2909DD900080F89D /* PBXTargetDependency */ = {
			isa = PBXTargetDependency;
			target = FA3A01342909DD8E0080F89D /* Currency */;
			targetProxy = FA3A014C2909DD900080F89D /* PBXContainerItemProxy */;
		};
		FA3A01572909DD900080F89D /* PBXTargetDependency */ = {
			isa = PBXTargetDependency;
			target = FA3A01342909DD8E0080F89D /* Currency */;
			targetProxy = FA3A01562909DD900080F89D /* PBXContainerItemProxy */;
		};
/* End PBXTargetDependency section */

/* Begin PBXVariantGroup section */
		FA3A013E2909DD8E0080F89D /* Main.storyboard */ = {
			isa = PBXVariantGroup;
			children = (
				FA3A013F2909DD8E0080F89D /* Base */,
			);
			name = Main.storyboard;
			sourceTree = "<group>";
		};
		FA3A01432909DD8F0080F89D /* LaunchScreen.storyboard */ = {
			isa = PBXVariantGroup;
			children = (
				FA3A01442909DD8F0080F89D /* Base */,
			);
			name = LaunchScreen.storyboard;
			sourceTree = "<group>";
		};
/* End PBXVariantGroup section */

/* Begin XCBuildConfiguration section */
		FA3A015D2909DD900080F89D /* Debug */ = {
			isa = XCBuildConfiguration;
			buildSettings = {
				ALWAYS_SEARCH_USER_PATHS = NO;
				CLANG_ANALYZER_NONNULL = YES;
				CLANG_ANALYZER_NUMBER_OBJECT_CONVERSION = YES_AGGRESSIVE;
				CLANG_CXX_LANGUAGE_STANDARD = "gnu++17";
				CLANG_CXX_LIBRARY = "libc++";
				CLANG_ENABLE_MODULES = YES;
				CLANG_ENABLE_OBJC_ARC = YES;
				CLANG_ENABLE_OBJC_WEAK = YES;
				CLANG_WARN_BLOCK_CAPTURE_AUTORELEASING = YES;
				CLANG_WARN_BOOL_CONVERSION = YES;
				CLANG_WARN_COMMA = YES;
				CLANG_WARN_CONSTANT_CONVERSION = YES;
				CLANG_WARN_DEPRECATED_OBJC_IMPLEMENTATIONS = YES;
				CLANG_WARN_DIRECT_OBJC_ISA_USAGE = YES_ERROR;
				CLANG_WARN_DOCUMENTATION_COMMENTS = YES;
				CLANG_WARN_EMPTY_BODY = YES;
				CLANG_WARN_ENUM_CONVERSION = YES;
				CLANG_WARN_INFINITE_RECURSION = YES;
				CLANG_WARN_INT_CONVERSION = YES;
				CLANG_WARN_NON_LITERAL_NULL_CONVERSION = YES;
				CLANG_WARN_OBJC_IMPLICIT_RETAIN_SELF = YES;
				CLANG_WARN_OBJC_LITERAL_CONVERSION = YES;
				CLANG_WARN_OBJC_ROOT_CLASS = YES_ERROR;
				CLANG_WARN_QUOTED_INCLUDE_IN_FRAMEWORK_HEADER = YES;
				CLANG_WARN_RANGE_LOOP_ANALYSIS = YES;
				CLANG_WARN_STRICT_PROTOTYPES = YES;
				CLANG_WARN_SUSPICIOUS_MOVE = YES;
				CLANG_WARN_UNGUARDED_AVAILABILITY = YES_AGGRESSIVE;
				CLANG_WARN_UNREACHABLE_CODE = YES;
				CLANG_WARN__DUPLICATE_METHOD_MATCH = YES;
				COPY_PHASE_STRIP = NO;
				DEBUG_INFORMATION_FORMAT = dwarf;
				ENABLE_STRICT_OBJC_MSGSEND = YES;
				ENABLE_TESTABILITY = YES;
				GCC_C_LANGUAGE_STANDARD = gnu11;
				GCC_DYNAMIC_NO_PIC = NO;
				GCC_NO_COMMON_BLOCKS = YES;
				GCC_OPTIMIZATION_LEVEL = 0;
				GCC_PREPROCESSOR_DEFINITIONS = (
					"DEBUG=1",
					"$(inherited)",
				);
				GCC_WARN_64_TO_32_BIT_CONVERSION = YES;
				GCC_WARN_ABOUT_RETURN_TYPE = YES_ERROR;
				GCC_WARN_UNDECLARED_SELECTOR = YES;
				GCC_WARN_UNINITIALIZED_AUTOS = YES_AGGRESSIVE;
				GCC_WARN_UNUSED_FUNCTION = YES;
				GCC_WARN_UNUSED_VARIABLE = YES;
				IPHONEOS_DEPLOYMENT_TARGET = 15.2;
				MTL_ENABLE_DEBUG_INFO = INCLUDE_SOURCE;
				MTL_FAST_MATH = YES;
				ONLY_ACTIVE_ARCH = YES;
				SDKROOT = iphoneos;
				SWIFT_ACTIVE_COMPILATION_CONDITIONS = DEBUG;
				SWIFT_OPTIMIZATION_LEVEL = "-Onone";
			};
			name = Debug;
		};
		FA3A015E2909DD900080F89D /* Release */ = {
			isa = XCBuildConfiguration;
			buildSettings = {
				ALWAYS_SEARCH_USER_PATHS = NO;
				CLANG_ANALYZER_NONNULL = YES;
				CLANG_ANALYZER_NUMBER_OBJECT_CONVERSION = YES_AGGRESSIVE;
				CLANG_CXX_LANGUAGE_STANDARD = "gnu++17";
				CLANG_CXX_LIBRARY = "libc++";
				CLANG_ENABLE_MODULES = YES;
				CLANG_ENABLE_OBJC_ARC = YES;
				CLANG_ENABLE_OBJC_WEAK = YES;
				CLANG_WARN_BLOCK_CAPTURE_AUTORELEASING = YES;
				CLANG_WARN_BOOL_CONVERSION = YES;
				CLANG_WARN_COMMA = YES;
				CLANG_WARN_CONSTANT_CONVERSION = YES;
				CLANG_WARN_DEPRECATED_OBJC_IMPLEMENTATIONS = YES;
				CLANG_WARN_DIRECT_OBJC_ISA_USAGE = YES_ERROR;
				CLANG_WARN_DOCUMENTATION_COMMENTS = YES;
				CLANG_WARN_EMPTY_BODY = YES;
				CLANG_WARN_ENUM_CONVERSION = YES;
				CLANG_WARN_INFINITE_RECURSION = YES;
				CLANG_WARN_INT_CONVERSION = YES;
				CLANG_WARN_NON_LITERAL_NULL_CONVERSION = YES;
				CLANG_WARN_OBJC_IMPLICIT_RETAIN_SELF = YES;
				CLANG_WARN_OBJC_LITERAL_CONVERSION = YES;
				CLANG_WARN_OBJC_ROOT_CLASS = YES_ERROR;
				CLANG_WARN_QUOTED_INCLUDE_IN_FRAMEWORK_HEADER = YES;
				CLANG_WARN_RANGE_LOOP_ANALYSIS = YES;
				CLANG_WARN_STRICT_PROTOTYPES = YES;
				CLANG_WARN_SUSPICIOUS_MOVE = YES;
				CLANG_WARN_UNGUARDED_AVAILABILITY = YES_AGGRESSIVE;
				CLANG_WARN_UNREACHABLE_CODE = YES;
				CLANG_WARN__DUPLICATE_METHOD_MATCH = YES;
				COPY_PHASE_STRIP = NO;
				DEBUG_INFORMATION_FORMAT = "dwarf-with-dsym";
				ENABLE_NS_ASSERTIONS = NO;
				ENABLE_STRICT_OBJC_MSGSEND = YES;
				GCC_C_LANGUAGE_STANDARD = gnu11;
				GCC_NO_COMMON_BLOCKS = YES;
				GCC_WARN_64_TO_32_BIT_CONVERSION = YES;
				GCC_WARN_ABOUT_RETURN_TYPE = YES_ERROR;
				GCC_WARN_UNDECLARED_SELECTOR = YES;
				GCC_WARN_UNINITIALIZED_AUTOS = YES_AGGRESSIVE;
				GCC_WARN_UNUSED_FUNCTION = YES;
				GCC_WARN_UNUSED_VARIABLE = YES;
				IPHONEOS_DEPLOYMENT_TARGET = 15.2;
				MTL_ENABLE_DEBUG_INFO = NO;
				MTL_FAST_MATH = YES;
				SDKROOT = iphoneos;
				SWIFT_COMPILATION_MODE = wholemodule;
				SWIFT_OPTIMIZATION_LEVEL = "-O";
				VALIDATE_PRODUCT = YES;
			};
			name = Release;
		};
		FA3A01602909DD900080F89D /* Debug */ = {
			isa = XCBuildConfiguration;
			baseConfigurationReference = 2C50ABEE5375EB175CAA7D25 /* Pods-Currency.debug.xcconfig */;
			buildSettings = {
				ASSETCATALOG_COMPILER_APPICON_NAME = AppIcon;
				ASSETCATALOG_COMPILER_GLOBAL_ACCENT_COLOR_NAME = AccentColor;
				CODE_SIGN_STYLE = Automatic;
				CURRENT_PROJECT_VERSION = 1;
				DEVELOPMENT_TEAM = 3UA7J8M967;
				GENERATE_INFOPLIST_FILE = YES;
				INFOPLIST_FILE = Currency/Info.plist;
				INFOPLIST_KEY_UIApplicationSupportsIndirectInputEvents = YES;
				INFOPLIST_KEY_UILaunchStoryboardName = LaunchScreen;
				INFOPLIST_KEY_UIMainStoryboardFile = Main;
				INFOPLIST_KEY_UISupportedInterfaceOrientations_iPad = "UIInterfaceOrientationPortrait UIInterfaceOrientationPortraitUpsideDown UIInterfaceOrientationLandscapeLeft UIInterfaceOrientationLandscapeRight";
				INFOPLIST_KEY_UISupportedInterfaceOrientations_iPhone = "UIInterfaceOrientationPortrait UIInterfaceOrientationLandscapeLeft UIInterfaceOrientationLandscapeRight";
				LD_RUNPATH_SEARCH_PATHS = (
					"$(inherited)",
					"@executable_path/Frameworks",
				);
				MARKETING_VERSION = 1.0;
				PRODUCT_BUNDLE_IDENTIFIER = com.AhmedReda.Currency;
				PRODUCT_NAME = "$(TARGET_NAME)";
				SWIFT_EMIT_LOC_STRINGS = YES;
				SWIFT_VERSION = 5.0;
				TARGETED_DEVICE_FAMILY = "1,2";
			};
			name = Debug;
		};
		FA3A01612909DD900080F89D /* Release */ = {
			isa = XCBuildConfiguration;
			baseConfigurationReference = 87BAB0F60EE54C0B6951AC2C /* Pods-Currency.release.xcconfig */;
			buildSettings = {
				ASSETCATALOG_COMPILER_APPICON_NAME = AppIcon;
				ASSETCATALOG_COMPILER_GLOBAL_ACCENT_COLOR_NAME = AccentColor;
				CODE_SIGN_STYLE = Automatic;
				CURRENT_PROJECT_VERSION = 1;
				DEVELOPMENT_TEAM = 3UA7J8M967;
				GENERATE_INFOPLIST_FILE = YES;
				INFOPLIST_FILE = Currency/Info.plist;
				INFOPLIST_KEY_UIApplicationSupportsIndirectInputEvents = YES;
				INFOPLIST_KEY_UILaunchStoryboardName = LaunchScreen;
				INFOPLIST_KEY_UIMainStoryboardFile = Main;
				INFOPLIST_KEY_UISupportedInterfaceOrientations_iPad = "UIInterfaceOrientationPortrait UIInterfaceOrientationPortraitUpsideDown UIInterfaceOrientationLandscapeLeft UIInterfaceOrientationLandscapeRight";
				INFOPLIST_KEY_UISupportedInterfaceOrientations_iPhone = "UIInterfaceOrientationPortrait UIInterfaceOrientationLandscapeLeft UIInterfaceOrientationLandscapeRight";
				LD_RUNPATH_SEARCH_PATHS = (
					"$(inherited)",
					"@executable_path/Frameworks",
				);
				MARKETING_VERSION = 1.0;
				PRODUCT_BUNDLE_IDENTIFIER = com.AhmedReda.Currency;
				PRODUCT_NAME = "$(TARGET_NAME)";
				SWIFT_EMIT_LOC_STRINGS = YES;
				SWIFT_VERSION = 5.0;
				TARGETED_DEVICE_FAMILY = "1,2";
			};
			name = Release;
		};
		FA3A01632909DD900080F89D /* Debug */ = {
			isa = XCBuildConfiguration;
			baseConfigurationReference = 38907D4013FA2FA3E4BCC0B6 /* Pods-CurrencyTests.debug.xcconfig */;
			buildSettings = {
				ALWAYS_EMBED_SWIFT_STANDARD_LIBRARIES = YES;
				BUNDLE_LOADER = "$(TEST_HOST)";
				CODE_SIGN_STYLE = Automatic;
				CURRENT_PROJECT_VERSION = 1;
				DEVELOPMENT_TEAM = 3UA7J8M967;
				GENERATE_INFOPLIST_FILE = YES;
				IPHONEOS_DEPLOYMENT_TARGET = 15.2;
				MARKETING_VERSION = 1.0;
				PRODUCT_BUNDLE_IDENTIFIER = com.AhmedReda.CurrencyTests;
				PRODUCT_NAME = "$(TARGET_NAME)";
				SWIFT_EMIT_LOC_STRINGS = NO;
				SWIFT_VERSION = 5.0;
				TARGETED_DEVICE_FAMILY = "1,2";
				TEST_HOST = "$(BUILT_PRODUCTS_DIR)/Currency.app/Currency";
			};
			name = Debug;
		};
		FA3A01642909DD900080F89D /* Release */ = {
			isa = XCBuildConfiguration;
			baseConfigurationReference = 96D1643403CA82C04AE4E48E /* Pods-CurrencyTests.release.xcconfig */;
			buildSettings = {
				ALWAYS_EMBED_SWIFT_STANDARD_LIBRARIES = YES;
				BUNDLE_LOADER = "$(TEST_HOST)";
				CODE_SIGN_STYLE = Automatic;
				CURRENT_PROJECT_VERSION = 1;
				DEVELOPMENT_TEAM = 3UA7J8M967;
				GENERATE_INFOPLIST_FILE = YES;
				IPHONEOS_DEPLOYMENT_TARGET = 15.2;
				MARKETING_VERSION = 1.0;
				PRODUCT_BUNDLE_IDENTIFIER = com.AhmedReda.CurrencyTests;
				PRODUCT_NAME = "$(TARGET_NAME)";
				SWIFT_EMIT_LOC_STRINGS = NO;
				SWIFT_VERSION = 5.0;
				TARGETED_DEVICE_FAMILY = "1,2";
				TEST_HOST = "$(BUILT_PRODUCTS_DIR)/Currency.app/Currency";
			};
			name = Release;
		};
		FA3A01662909DD900080F89D /* Debug */ = {
			isa = XCBuildConfiguration;
			baseConfigurationReference = 55AD8CA44A4FA5B8FC69B128 /* Pods-Currency-CurrencyUITests.debug.xcconfig */;
			buildSettings = {
				ALWAYS_EMBED_SWIFT_STANDARD_LIBRARIES = YES;
				CODE_SIGN_STYLE = Automatic;
				CURRENT_PROJECT_VERSION = 1;
				DEVELOPMENT_TEAM = 3UA7J8M967;
				GENERATE_INFOPLIST_FILE = YES;
				MARKETING_VERSION = 1.0;
				PRODUCT_BUNDLE_IDENTIFIER = com.AhmedReda.CurrencyUITests;
				PRODUCT_NAME = "$(TARGET_NAME)";
				SWIFT_EMIT_LOC_STRINGS = NO;
				SWIFT_VERSION = 5.0;
				TARGETED_DEVICE_FAMILY = "1,2";
				TEST_TARGET_NAME = Currency;
			};
			name = Debug;
		};
		FA3A01672909DD900080F89D /* Release */ = {
			isa = XCBuildConfiguration;
			baseConfigurationReference = 7AC991CE361B6853252BF328 /* Pods-Currency-CurrencyUITests.release.xcconfig */;
			buildSettings = {
				ALWAYS_EMBED_SWIFT_STANDARD_LIBRARIES = YES;
				CODE_SIGN_STYLE = Automatic;
				CURRENT_PROJECT_VERSION = 1;
				DEVELOPMENT_TEAM = 3UA7J8M967;
				GENERATE_INFOPLIST_FILE = YES;
				MARKETING_VERSION = 1.0;
				PRODUCT_BUNDLE_IDENTIFIER = com.AhmedReda.CurrencyUITests;
				PRODUCT_NAME = "$(TARGET_NAME)";
				SWIFT_EMIT_LOC_STRINGS = NO;
				SWIFT_VERSION = 5.0;
				TARGETED_DEVICE_FAMILY = "1,2";
				TEST_TARGET_NAME = Currency;
			};
			name = Release;
		};
/* End XCBuildConfiguration section */

/* Begin XCConfigurationList section */
		FA3A01302909DD8E0080F89D /* Build configuration list for PBXProject "Currency" */ = {
			isa = XCConfigurationList;
			buildConfigurations = (
				FA3A015D2909DD900080F89D /* Debug */,
				FA3A015E2909DD900080F89D /* Release */,
			);
			defaultConfigurationIsVisible = 0;
			defaultConfigurationName = Release;
		};
		FA3A015F2909DD900080F89D /* Build configuration list for PBXNativeTarget "Currency" */ = {
			isa = XCConfigurationList;
			buildConfigurations = (
				FA3A01602909DD900080F89D /* Debug */,
				FA3A01612909DD900080F89D /* Release */,
			);
			defaultConfigurationIsVisible = 0;
			defaultConfigurationName = Release;
		};
		FA3A01622909DD900080F89D /* Build configuration list for PBXNativeTarget "CurrencyTests" */ = {
			isa = XCConfigurationList;
			buildConfigurations = (
				FA3A01632909DD900080F89D /* Debug */,
				FA3A01642909DD900080F89D /* Release */,
			);
			defaultConfigurationIsVisible = 0;
			defaultConfigurationName = Release;
		};
		FA3A01652909DD900080F89D /* Build configuration list for PBXNativeTarget "CurrencyUITests" */ = {
			isa = XCConfigurationList;
			buildConfigurations = (
				FA3A01662909DD900080F89D /* Debug */,
				FA3A01672909DD900080F89D /* Release */,
			);
			defaultConfigurationIsVisible = 0;
			defaultConfigurationName = Release;
		};
/* End XCConfigurationList section */

/* Begin XCVersionGroup section */
		FAA22847290D903400D188B1 /* conversionsDataModel.xcdatamodeld */ = {
			isa = XCVersionGroup;
			children = (
				FAA22848290D903400D188B1 /* conversionsDataModel.xcdatamodel */,
			);
			currentVersion = FAA22848290D903400D188B1 /* conversionsDataModel.xcdatamodel */;
			path = conversionsDataModel.xcdatamodeld;
			sourceTree = "<group>";
			versionGroupType = wrapper.xcdatamodel;
		};
/* End XCVersionGroup section */
	};
	rootObject = FA3A012D2909DD8E0080F89D /* Project object */;
}
